// !$*UTF8*$!
{
	archiveVersion = 1;
	classes = {
	};
	objectVersion = 46;
	objects = {

/* Begin PBXBuildFile section */
		8F81EE251BF6C4FE006656A8 /* AppDelegate.swift in Sources */ = {isa = PBXBuildFile; fileRef = 8F81EE241BF6C4FE006656A8 /* AppDelegate.swift */; };
		8F81EE271BF6C4FE006656A8 /* ViewController.swift in Sources */ = {isa = PBXBuildFile; fileRef = 8F81EE261BF6C4FE006656A8 /* ViewController.swift */; };
		8F81EE2A1BF6C4FE006656A8 /* Main.storyboard in Resources */ = {isa = PBXBuildFile; fileRef = 8F81EE281BF6C4FE006656A8 /* Main.storyboard */; };
		8F81EE2C1BF6C4FE006656A8 /* Assets.xcassets in Resources */ = {isa = PBXBuildFile; fileRef = 8F81EE2B1BF6C4FE006656A8 /* Assets.xcassets */; };
		8F81EE2F1BF6C4FE006656A8 /* LaunchScreen.storyboard in Resources */ = {isa = PBXBuildFile; fileRef = 8F81EE2D1BF6C4FE006656A8 /* LaunchScreen.storyboard */; };
/* End PBXBuildFile section */

/* Begin PBXFileReference section */
		8F81EE211BF6C4FE006656A8 /* OpenSettingApp.app */ = {isa = PBXFileReference; explicitFileType = wrapper.application; includeInIndex = 0; path = OpenSettingApp.app; sourceTree = BUILT_PRODUCTS_DIR; };
		8F81EE241BF6C4FE006656A8 /* AppDelegate.swift */ = {isa = PBXFileReference; lastKnownFileType = sourcecode.swift; path = AppDelegate.swift; sourceTree = "<group>"; };
		8F81EE261BF6C4FE006656A8 /* ViewController.swift */ = {isa = PBXFileReference; lastKnownFileType = sourcecode.swift; path = ViewController.swift; sourceTree = "<group>"; };
		8F81EE291BF6C4FE006656A8 /* Base */ = {isa = PBXFileReference; lastKnownFileType = file.storyboard; name = Base; path = Base.lproj/Main.storyboard; sourceTree = "<group>"; };
		8F81EE2B1BF6C4FE006656A8 /* Assets.xcassets */ = {isa = PBXFileReference; lastKnownFileType = folder.assetcatalog; path = Assets.xcassets; sourceTree = "<group>"; };
		8F81EE2E1BF6C4FE006656A8 /* Base */ = {isa = PBXFileReference; lastKnownFileType = file.storyboard; name = Base; path = Base.lproj/LaunchScreen.storyboard; sourceTree = "<group>"; };
		8F81EE301BF6C4FE006656A8 /* Info.plist */ = {isa = PBXFileReference; lastKnownFileType = text.plist.xml; path = Info.plist; sourceTree = "<group>"; };
/* End PBXFileReference section */

/* Begin PBXFrameworksBuildPhase section */
		8F81EE1E1BF6C4FD006656A8 /* Frameworks */ = {
			isa = PBXFrameworksBuildPhase;
			buildActionMask = 2147483647;
			files = (
			);
			runOnlyForDeploymentPostprocessing = 0;
		};
/* End PBXFrameworksBuildPhase section */

/* Begin PBXGroup section */
		8F81EE181BF6C4FD006656A8 = {
			isa = PBXGroup;
			children = (
				8F81EE231BF6C4FE006656A8 /* OpenSettingApp */,
				8F81EE221BF6C4FE006656A8 /* Products */,
			);
			sourceTree = "<group>";
		};
		8F81EE221BF6C4FE006656A8 /* Products */ = {
			isa = PBXGroup;
			children = (
				8F81EE211BF6C4FE006656A8 /* OpenSettingApp.app */,
			);
			name = Products;
			sourceTree = "<group>";
		};
		8F81EE231BF6C4FE006656A8 /* OpenSettingApp */ = {
			isa = PBXGroup;
			children = (
				8F81EE241BF6C4FE006656A8 /* AppDelegate.swift */,
				8F81EE261BF6C4FE006656A8 /* ViewController.swift */,
				8F81EE281BF6C4FE006656A8 /* Main.storyboard */,
				8F81EE2B1BF6C4FE006656A8 /* Assets.xcassets */,
				8F81EE2D1BF6C4FE006656A8 /* LaunchScreen.storyboard */,
				8F81EE301BF6C4FE006656A8 /* Info.plist */,
			);
			path = OpenSettingApp;
			sourceTree = "<group>";
		};
/* End PBXGroup section */

/* Begin PBXNativeTarget section */
		8F81EE201BF6C4FD006656A8 /* OpenSettingApp */ = {
			isa = PBXNativeTarget;
			buildConfigurationList = 8F81EE331BF6C4FE006656A8 /* Build configuration list for PBXNativeTarget "OpenSettingApp" */;
			buildPhases = (
				8F81EE1D1BF6C4FD006656A8 /* Sources */,
				8F81EE1E1BF6C4FD006656A8 /* Frameworks */,
				8F81EE1F1BF6C4FD006656A8 /* Resources */,
			);
			buildRules = (
			);
			dependencies = (
			);
			name = OpenSettingApp;
			productName = OpenSettingApp;
			productReference = 8F81EE211BF6C4FE006656A8 /* OpenSettingApp.app */;
			productType = "com.apple.product-type.application";
		};
/* End PBXNativeTarget section */

/* Begin PBXProject section */
		8F81EE191BF6C4FD006656A8 /* Project object */ = {
			isa = PBXProject;
			attributes = {
				LastSwiftUpdateCheck = 0710;
				LastUpgradeCheck = 0710;
				ORGANIZATIONNAME = "Toshiki Chiba";
				TargetAttributes = {
					8F81EE201BF6C4FD006656A8 = {
						CreatedOnToolsVersion = 7.1.1;
						DevelopmentTeam = AVWWV46Y77;
					};
				};
			};
			buildConfigurationList = 8F81EE1C1BF6C4FD006656A8 /* Build configuration list for PBXProject "OpenSettingApp" */;
			compatibilityVersion = "Xcode 3.2";
			developmentRegion = English;
			hasScannedForEncodings = 0;
			knownRegions = (
				en,
				Base,
			);
			mainGroup = 8F81EE181BF6C4FD006656A8;
			productRefGroup = 8F81EE221BF6C4FE006656A8 /* Products */;
			projectDirPath = "";
			projectRoot = "";
			targets = (
				8F81EE201BF6C4FD006656A8 /* OpenSettingApp */,
			);
		};
/* End PBXProject section */

/* Begin PBXResourcesBuildPhase section */
		8F81EE1F1BF6C4FD006656A8 /* Resources */ = {
			isa = PBXResourcesBuildPhase;
			buildActionMask = 2147483647;
			files = (
				8F81EE2F1BF6C4FE006656A8 /* LaunchScreen.storyboard in Resources */,
				8F81EE2C1BF6C4FE006656A8 /* Assets.xcassets in Resources */,
				8F81EE2A1BF6C4FE006656A8 /* Main.storyboard in Resources */,
			);
			runOnlyForDeploymentPostprocessing = 0;
		};
/* End PBXResourcesBuildPhase section */

/* Begin PBXSourcesBuildPhase section */
		8F81EE1D1BF6C4FD006656A8 /* Sources */ = {
			isa = PBXSourcesBuildPhase;
			buildActionMask = 2147483647;
			files = (
				8F81EE271BF6C4FE006656A8 /* ViewController.swift in Sources */,
				8F81EE251BF6C4FE006656A8 /* AppDelegate.swift in Sources */,
			);
			runOnlyForDeploymentPostprocessing = 0;
		};
/* End PBXSourcesBuildPhase section */

/* Begin PBXVariantGroup section */
		8F81EE281BF6C4FE006656A8 /* Main.storyboard */ = {
			isa = PBXVariantGroup;
			children = (
				8F81EE291BF6C4FE006656A8 /* Base */,
			);
			name = Main.storyboard;
			sourceTree = "<group>";
		};
		8F81EE2D1BF6C4FE006656A8 /* LaunchScreen.storyboard */ = {
			isa = PBXVariantGroup;
			children = (
				8F81EE2E1BF6C4FE006656A8 /* Base */,
			);
			name = LaunchScreen.storyboard;
			sourceTree = "<group>";
		};
/* End PBXVariantGroup section */

/* Begin XCBuildConfiguration section */
		8F81EE311BF6C4FE006656A8 /* Debug */ = {
			isa = XCBuildConfiguration;
			buildSettings = {
				ALWAYS_SEARCH_USER_PATHS = NO;
				CLANG_CXX_LANGUAGE_STANDARD = "gnu++0x";
				CLANG_CXX_LIBRARY = "libc++";
				CLANG_ENABLE_MODULES = YES;
				CLANG_ENABLE_OBJC_ARC = YES;
				CLANG_WARN_BOOL_CONVERSION = YES;
				CLANG_WARN_CONSTANT_CONVERSION = YES;
				CLANG_WARN_DIRECT_OBJC_ISA_USAGE = YES_ERROR;
				CLANG_WARN_EMPTY_BODY = YES;
				CLANG_WARN_ENUM_CONVERSION = YES;
				CLANG_WARN_INT_CONVERSION = YES;
				CLANG_WARN_OBJC_ROOT_CLASS = YES_ERROR;
				CLANG_WARN_UNREACHABLE_CODE = YES;
				CLANG_WARN__DUPLICATE_METHOD_MATCH = YES;
				CODE_SIGN_IDENTITY = "iPhone Developer";
				"CODE_SIGN_IDENTITY[sdk=iphoneos*]" = "iPhone Developer";
				COPY_PHASE_STRIP = NO;
				DEBUG_INFORMATION_FORMAT = dwarf;
				ENABLE_STRICT_OBJC_MSGSEND = YES;
				ENABLE_TESTABILITY = YES;
				GCC_C_LANGUAGE_STANDARD = gnu99;
				GCC_DYNAMIC_NO_PIC = NO;
				GCC_NO_COMMON_BLOCKS = YES;
				GCC_OPTIMIZATION_LEVEL = 0;
				GCC_PREPROCESSOR_DEFINITIONS = (
					"DEBUG=1",
					"$(inherited)",
				);
				GCC_WARN_64_TO_32_BIT_CONVERSION = YES;
				GCC_WARN_ABOUT_RETURN_TYPE = YES_ERROR;
				GCC_WARN_UNDECLARED_SELECTOR = YES;
				GCC_WARN_UNINITIALIZED_AUTOS = YES_AGGRESSIVE;
				GCC_WARN_UNUSED_FUNCTION = YES;
				GCC_WARN_UNUSED_VARIABLE = YES;
				IPHONEOS_DEPLOYMENT_TARGET = 9.1;
				MTL_ENABLE_DEBUG_INFO = YES;
				ONLY_ACTIVE_ARCH = YES;
				SDKROOT = iphoneos;
				SWIFT_OPTIMIZATION_LEVEL = "-Onone";
			};
			name = Debug;
		};
		8F81EE321BF6C4FE006656A8 /* Release */ = {
			isa = XCBuildConfiguration;
			buildSettings = {
				ALWAYS_SEARCH_USER_PATHS = NO;
				CLANG_CXX_LANGUAGE_STANDARD = "gnu++0x";
				CLANG_CXX_LIBRARY = "libc++";
				CLANG_ENABLE_MODULES = YES;
				CLANG_ENABLE_OBJC_ARC = YES;
				CLANG_WARN_BOOL_CONVERSION = YES;
				CLANG_WARN_CONSTANT_CONVERSION = YES;
				CLANG_WARN_DIRECT_OBJC_ISA_USAGE = YES_ERROR;
				CLANG_WARN_EMPTY_BODY = YES;
				CLANG_WARN_ENUM_CONVERSION = YES;
				CLANG_WARN_INT_CONVERSION = YES;
				CLANG_WARN_OBJC_ROOT_CLASS = YES_ERROR;
				CLANG_WARN_UNREACHABLE_CODE = YES;
				CLANG_WARN__DUPLICATE_METHOD_MATCH = YES;
				"CODE_SIGN_IDENTITY[sdk=iphoneos*]" = "iPhone Developer";
				COPY_PHASE_STRIP = NO;
				DEBUG_INFORMATION_FORMAT = "dwarf-with-dsym";
				ENABLE_NS_ASSERTIONS = NO;
				ENABLE_STRICT_OBJC_MSGSEND = YES;
				GCC_C_LANGUAGE_STANDARD = gnu99;
				GCC_NO_COMMON_BLOCKS = YES;
				GCC_WARN_64_TO_32_BIT_CONVERSION = YES;
				GCC_WARN_ABOUT_RETURN_TYPE = YES_ERROR;
				GCC_WARN_UNDECLARED_SELECTOR = YES;
				GCC_WARN_UNINITIALIZED_AUTOS = YES_AGGRESSIVE;
				GCC_WARN_UNUSED_FUNCTION = YES;
				GCC_WARN_UNUSED_VARIABLE = YES;
				IPHONEOS_DEPLOYMENT_TARGET = 9.1;
				MTL_ENABLE_DEBUG_INFO = NO;
				SDKROOT = iphoneos;
				VALIDATE_PRODUCT = YES;
			};
			name = Release;
		};
		8F81EE341BF6C4FE006656A8 /* Debug */ = {
			isa = XCBuildConfiguration;
			buildSettings = {
				ASSETCATALOG_COMPILER_APPICON_NAME = AppIcon;
				CODE_SIGN_IDENTITY = "iPhone Developer";
				INFOPLIST_FILE = OpenSettingApp/Info.plist;
				LD_RUNPATH_SEARCH_PATHS = "$(inherited) @executable_path/Frameworks";
				PRODUCT_BUNDLE_IDENTIFIER = com.toshikichiba.OpenSettingApp;
				PRODUCT_NAME = "$(TARGET_NAME)";
			};
			name = Debug;
		};
		8F81EE351BF6C4FE006656A8 /* Release */ = {
			isa = XCBuildConfiguration;
			buildSettings = {
				ASSETCATALOG_COMPILER_APPICON_NAME = AppIcon;
				CODE_SIGN_IDENTITY = "iPhone Developer";
				INFOPLIST_FILE = OpenSettingApp/Info.plist;
				LD_RUNPATH_SEARCH_PATHS = "$(inherited) @executable_path/Frameworks";
				PRODUCT_BUNDLE_IDENTIFIER = com.toshikichiba.OpenSettingApp;
				PRODUCT_NAME = "$(TARGET_NAME)";
			};
			name = Release;
		};
/* End XCBuildConfiguration section */

/* Begin XCConfigurationList section */
		8F81EE1C1BF6C4FD006656A8 /* Build configuration list for PBXProject "OpenSettingApp" */ = {
			isa = XCConfigurationList;
			buildConfigurations = (
				8F81EE311BF6C4FE006656A8 /* Debug */,
				8F81EE321BF6C4FE006656A8 /* Release */,
			);
			defaultConfigurationIsVisible = 0;
			defaultConfigurationName = Release;
		};
		8F81EE331BF6C4FE006656A8 /* Build configuration list for PBXNativeTarget "OpenSettingApp" */ = {
			isa = XCConfigurationList;
			buildConfigurations = (
				8F81EE341BF6C4FE006656A8 /* Debug */,
				8F81EE351BF6C4FE006656A8 /* Release */,
			);
			defaultConfigurationIsVisible = 0;
		};
/* End XCConfigurationList section */
	};
	rootObject = 8F81EE191BF6C4FD006656A8 /* Project object */;
}
